
Microsoft Visual Studio Solution File, Format Version 12.00
# Visual Studio Version 17
VisualStudioVersion = 17.8.34322.80
MinimumVisualStudioVersion = 10.0.40219.1
Project("{FAE04EC0-301F-11D3-BF4B-00C04F79EFBC}") = "HomeWorkSeminar7", "HomeWorkSeminar7\HomeWorkSeminar7.csproj", "{2095A1E2-6CFA-4DAA-843A-416E2361080D}"
EndProject
Global
	GlobalSection(SolutionConfigurationPlatforms) = preSolution
		Debug|Any CPU = Debug|Any CPU
		Release|Any CPU = Release|Any CPU
	EndGlobalSection
	GlobalSection(ProjectConfigurationPlatforms) = postSolution
		{2095A1E2-6CFA-4DAA-843A-416E2361080D}.Debug|Any CPU.ActiveCfg = Debug|Any CPU
		{2095A1E2-6CFA-4DAA-843A-416E2361080D}.Debug|Any CPU.Build.0 = Debug|Any CPU
		{2095A1E2-6CFA-4DAA-843A-416E2361080D}.Release|Any CPU.ActiveCfg = Release|Any CPU
		{2095A1E2-6CFA-4DAA-843A-416E2361080D}.Release|Any CPU.Build.0 = Release|Any CPU
	EndGlobalSection
	GlobalSection(SolutionProperties) = preSolution
		HideSolutionNode = FALSE
	EndGlobalSection
	GlobalSection(ExtensibilityGlobals) = postSolution
		SolutionGuid = {A59A00C6-15AB-4837-9A76-6C7A241C5EB4}
	EndGlobalSection
EndGlobal
